
Microsoft Visual Studio Solution File, Format Version 12.00
# Visual Studio Version 17
VisualStudioVersion = 17.3.32825.248
MinimumVisualStudioVersion = 10.0.40219.1
Project("{FAE04EC0-301F-11D3-BF4B-00C04F79EFBC}") = "Week9Lists", "Week9Lists\Week9Lists.csproj", "{9885E332-FC2F-45D2-B30D-9C5F48F9F9D4}"
EndProject
Global
	GlobalSection(SolutionConfigurationPlatforms) = preSolution
		Debug|Any CPU = Debug|Any CPU
		Release|Any CPU = Release|Any CPU
	EndGlobalSection
	GlobalSection(ProjectConfigurationPlatforms) = postSolution
		{9885E332-FC2F-45D2-B30D-9C5F48F9F9D4}.Debug|Any CPU.ActiveCfg = Debug|Any CPU
		{9885E332-FC2F-45D2-B30D-9C5F48F9F9D4}.Debug|Any CPU.Build.0 = Debug|Any CPU
		{9885E332-FC2F-45D2-B30D-9C5F48F9F9D4}.Release|Any CPU.ActiveCfg = Release|Any CPU
		{9885E332-FC2F-45D2-B30D-9C5F48F9F9D4}.Release|Any CPU.Build.0 = Release|Any CPU
	EndGlobalSection
	GlobalSection(SolutionProperties) = preSolution
		HideSolutionNode = FALSE
	EndGlobalSection
	GlobalSection(ExtensibilityGlobals) = postSolution
		SolutionGuid = {16B43F2B-1AD9-4DD9-A9BE-A186314F47F1}
	EndGlobalSection
EndGlobal
